
Microsoft Visual Studio Solution File, Format Version 12.00
# Visual Studio 2012
Project("{8BC9CEB8-8B4A-11D0-8D11-00A0C91BC942}") = "INS", "INS\INS.vcxproj", "{EED9A8E9-6C43-47BA-B4DA-26B7867AA4EF}"
EndProject
Global
	GlobalSection(SolutionConfigurationPlatforms) = preSolution
		Debug|Win32 = Debug|Win32
		Release|Win32 = Release|Win32
	EndGlobalSection
	GlobalSection(ProjectConfigurationPlatforms) = postSolution
		{EED9A8E9-6C43-47BA-B4DA-26B7867AA4EF}.Debug|Win32.ActiveCfg = Debug|Win32
		{EED9A8E9-6C43-47BA-B4DA-26B7867AA4EF}.Debug|Win32.Build.0 = Debug|Win32
		{EED9A8E9-6C43-47BA-B4DA-26B7867AA4EF}.Release|Win32.ActiveCfg = Release|Win32
		{EED9A8E9-6C43-47BA-B4DA-26B7867AA4EF}.Release|Win32.Build.0 = Release|Win32
	EndGlobalSection
	GlobalSection(SolutionProperties) = preSolution
		HideSolutionNode = FALSE
	EndGlobalSection
EndGlobal
